
Microsoft Visual Studio Solution File, Format Version 12.00
# Visual Studio Version 17
VisualStudioVersion = 17.7.34202.233
MinimumVisualStudioVersion = 10.0.40219.1
Project("{F184B08F-C81C-45F6-A57F-5ABD9991F28F}") = "CMDExecute", "CMDExecute\CMDExecute.vbproj", "{2181F878-76C7-449D-A88A-81567BC02C3C}"
EndProject
Global
	GlobalSection(SolutionConfigurationPlatforms) = preSolution
		Debug|Any CPU = Debug|Any CPU
		Release|Any CPU = Release|Any CPU
	EndGlobalSection
	GlobalSection(ProjectConfigurationPlatforms) = postSolution
		{2181F878-76C7-449D-A88A-81567BC02C3C}.Debug|Any CPU.ActiveCfg = Debug|Any CPU
		{2181F878-76C7-449D-A88A-81567BC02C3C}.Debug|Any CPU.Build.0 = Debug|Any CPU
		{2181F878-76C7-449D-A88A-81567BC02C3C}.Release|Any CPU.ActiveCfg = Release|Any CPU
		{2181F878-76C7-449D-A88A-81567BC02C3C}.Release|Any CPU.Build.0 = Release|Any CPU
	EndGlobalSection
	GlobalSection(SolutionProperties) = preSolution
		HideSolutionNode = FALSE
	EndGlobalSection
	GlobalSection(ExtensibilityGlobals) = postSolution
		SolutionGuid = {E87EE27A-7328-4DDE-BF0C-912D16479877}
	EndGlobalSection
EndGlobal
